Microsoft Visual Studio Solution File, Format Version 12.00
# Visual Studio 15
VisualStudioVersion = 15.0.27004.2006
MinimumVisualStudioVersion = 15.0.26124.0
Project("{2150E333-8FDC-42A3-9474-1A3956D46DE8}") = "src", "src", "{D30FBDB9-1D10-4B17-BFF0-22A2C057ACE1}"
EndProject
Project("{9A19103F-16F7-4668-BE54-9A1E7A4F7556}") = "Akka.Logger.NewRelic", "src\Akka.Logger.NewRelic\Akka.Logger.NewRelic.csproj", "{88203AF6-DBA1-41CC-9B55-0A562FF1E1A8}"
EndProject
Project("{9A19103F-16F7-4668-BE54-9A1E7A4F7556}") = "Akka.Logger.NewRelic.Demo", "src\Akka.Logger.NewRelic.Demo\Akka.Logger.NewRelic.Demo.csproj", "{0D466A54-C632-4F7A-87E2-D78275629A85}"
EndProject
Global
	GlobalSection(SolutionConfigurationPlatforms) = preSolution
		Debug|Any CPU = Debug|Any CPU
		Debug|x64 = Debug|x64
		Debug|x86 = Debug|x86
		Release|Any CPU = Release|Any CPU
		Release|x64 = Release|x64
		Release|x86 = Release|x86
	EndGlobalSection
	GlobalSection(ProjectConfigurationPlatforms) = postSolution
		{88203AF6-DBA1-41CC-9B55-0A562FF1E1A8}.Debug|Any CPU.ActiveCfg = Debug|Any CPU
		{88203AF6-DBA1-41CC-9B55-0A562FF1E1A8}.Debug|Any CPU.Build.0 = Debug|Any CPU
		{88203AF6-DBA1-41CC-9B55-0A562FF1E1A8}.Debug|x64.ActiveCfg = Debug|Any CPU
		{88203AF6-DBA1-41CC-9B55-0A562FF1E1A8}.Debug|x64.Build.0 = Debug|Any CPU
		{88203AF6-DBA1-41CC-9B55-0A562FF1E1A8}.Debug|x86.ActiveCfg = Debug|Any CPU
		{88203AF6-DBA1-41CC-9B55-0A562FF1E1A8}.Debug|x86.Build.0 = Debug|Any CPU
		{88203AF6-DBA1-41CC-9B55-0A562FF1E1A8}.Release|Any CPU.ActiveCfg = Release|Any CPU
		{88203AF6-DBA1-41CC-9B55-0A562FF1E1A8}.Release|Any CPU.Build.0 = Release|Any CPU
		{88203AF6-DBA1-41CC-9B55-0A562FF1E1A8}.Release|x64.ActiveCfg = Release|Any CPU
		{88203AF6-DBA1-41CC-9B55-0A562FF1E1A8}.Release|x64.Build.0 = Release|Any CPU
		{88203AF6-DBA1-41CC-9B55-0A562FF1E1A8}.Release|x86.ActiveCfg = Release|Any CPU
		{88203AF6-DBA1-41CC-9B55-0A562FF1E1A8}.Release|x86.Build.0 = Release|Any CPU
		{0D466A54-C632-4F7A-87E2-D78275629A85}.Debug|Any CPU.ActiveCfg = Debug|Any CPU
		{0D466A54-C632-4F7A-87E2-D78275629A85}.Debug|Any CPU.Build.0 = Debug|Any CPU
		{0D466A54-C632-4F7A-87E2-D78275629A85}.Debug|x64.ActiveCfg = Debug|Any CPU
		{0D466A54-C632-4F7A-87E2-D78275629A85}.Debug|x64.Build.0 = Debug|Any CPU
		{0D466A54-C632-4F7A-87E2-D78275629A85}.Debug|x86.ActiveCfg = Debug|Any CPU
		{0D466A54-C632-4F7A-87E2-D78275629A85}.Debug|x86.Build.0 = Debug|Any CPU
		{0D466A54-C632-4F7A-87E2-D78275629A85}.Release|Any CPU.ActiveCfg = Release|Any CPU
		{0D466A54-C632-4F7A-87E2-D78275629A85}.Release|Any CPU.Build.0 = Release|Any CPU
		{0D466A54-C632-4F7A-87E2-D78275629A85}.Release|x64.ActiveCfg = Release|Any CPU
		{0D466A54-C632-4F7A-87E2-D78275629A85}.Release|x64.Build.0 = Release|Any CPU
		{0D466A54-C632-4F7A-87E2-D78275629A85}.Release|x86.ActiveCfg = Release|Any CPU
		{0D466A54-C632-4F7A-87E2-D78275629A85}.Release|x86.Build.0 = Release|Any CPU
	EndGlobalSection
	GlobalSection(SolutionProperties) = preSolution
		HideSolutionNode = FALSE
	EndGlobalSection
	GlobalSection(NestedProjects) = preSolution
		{88203AF6-DBA1-41CC-9B55-0A562FF1E1A8} = {D30FBDB9-1D10-4B17-BFF0-22A2C057ACE1}
		{0D466A54-C632-4F7A-87E2-D78275629A85} = {D30FBDB9-1D10-4B17-BFF0-22A2C057ACE1}
	EndGlobalSection
	GlobalSection(ExtensibilityGlobals) = postSolution
		SolutionGuid = {340C13E9-9504-4858-A4CC-C33701F74452}
	EndGlobalSection
EndGlobal
